
Microsoft Visual Studio Solution File, Format Version 12.00
# Visual Studio 2013
VisualStudioVersion = 12.0.31101.0
MinimumVisualStudioVersion = 10.0.40219.1
Project("{FAE04EC0-301F-11D3-BF4B-00C04F79EFBC}") = "1.Money", "1.Money\1.Money.csproj", "{C48B831A-8A11-43BE-98F5-106D7B276C8A}"
EndProject
Project("{FAE04EC0-301F-11D3-BF4B-00C04F79EFBC}") = "2.EncodingSum", "2.EncodingSum\2.EncodingSum.csproj", "{52EA986D-3438-4EA9-92AF-1C1B36861520}"
EndProject
Project("{FAE04EC0-301F-11D3-BF4B-00C04F79EFBC}") = "14_1.PrintASCIITable", "..\..\CSharp1_Home2\14.PrintASCIITable\14_1.PrintASCIITable.csproj", "{FA2FFEEA-CDC5-4654-A38E-A29FAF184125}"
EndProject
Project("{FAE04EC0-301F-11D3-BF4B-00C04F79EFBC}") = "3.Maslan", "3.Maslan\3.Maslan.csproj", "{8F94ECAC-CADD-41A8-B9C1-833FAE6BC2AD}"
EndProject
Project("{FAE04EC0-301F-11D3-BF4B-00C04F79EFBC}") = "4.Cube", "4.Cube\4.Cube.csproj", "{FCD7B8C7-9823-48F2-914B-AC1881F4D83F}"
EndProject
Project("{FAE04EC0-301F-11D3-BF4B-00C04F79EFBC}") = "5.SequenceOfBits", "5.SequenceOfBits\5.SequenceOfBits.csproj", "{DF325389-2189-46E1-A41A-A3B2ED437D25}"
EndProject
Global
	GlobalSection(SolutionConfigurationPlatforms) = preSolution
		Debug|Any CPU = Debug|Any CPU
		Release|Any CPU = Release|Any CPU
	EndGlobalSection
	GlobalSection(ProjectConfigurationPlatforms) = postSolution
		{C48B831A-8A11-43BE-98F5-106D7B276C8A}.Debug|Any CPU.ActiveCfg = Debug|Any CPU
		{C48B831A-8A11-43BE-98F5-106D7B276C8A}.Debug|Any CPU.Build.0 = Debug|Any CPU
		{C48B831A-8A11-43BE-98F5-106D7B276C8A}.Release|Any CPU.ActiveCfg = Release|Any CPU
		{C48B831A-8A11-43BE-98F5-106D7B276C8A}.Release|Any CPU.Build.0 = Release|Any CPU
		{52EA986D-3438-4EA9-92AF-1C1B36861520}.Debug|Any CPU.ActiveCfg = Debug|Any CPU
		{52EA986D-3438-4EA9-92AF-1C1B36861520}.Debug|Any CPU.Build.0 = Debug|Any CPU
		{52EA986D-3438-4EA9-92AF-1C1B36861520}.Release|Any CPU.ActiveCfg = Release|Any CPU
		{52EA986D-3438-4EA9-92AF-1C1B36861520}.Release|Any CPU.Build.0 = Release|Any CPU
		{FA2FFEEA-CDC5-4654-A38E-A29FAF184125}.Debug|Any CPU.ActiveCfg = Debug|Any CPU
		{FA2FFEEA-CDC5-4654-A38E-A29FAF184125}.Debug|Any CPU.Build.0 = Debug|Any CPU
		{FA2FFEEA-CDC5-4654-A38E-A29FAF184125}.Release|Any CPU.ActiveCfg = Release|Any CPU
		{FA2FFEEA-CDC5-4654-A38E-A29FAF184125}.Release|Any CPU.Build.0 = Release|Any CPU
		{8F94ECAC-CADD-41A8-B9C1-833FAE6BC2AD}.Debug|Any CPU.ActiveCfg = Debug|Any CPU
		{8F94ECAC-CADD-41A8-B9C1-833FAE6BC2AD}.Debug|Any CPU.Build.0 = Debug|Any CPU
		{8F94ECAC-CADD-41A8-B9C1-833FAE6BC2AD}.Release|Any CPU.ActiveCfg = Release|Any CPU
		{8F94ECAC-CADD-41A8-B9C1-833FAE6BC2AD}.Release|Any CPU.Build.0 = Release|Any CPU
		{FCD7B8C7-9823-48F2-914B-AC1881F4D83F}.Debug|Any CPU.ActiveCfg = Debug|Any CPU
		{FCD7B8C7-9823-48F2-914B-AC1881F4D83F}.Debug|Any CPU.Build.0 = Debug|Any CPU
		{FCD7B8C7-9823-48F2-914B-AC1881F4D83F}.Release|Any CPU.ActiveCfg = Release|Any CPU
		{FCD7B8C7-9823-48F2-914B-AC1881F4D83F}.Release|Any CPU.Build.0 = Release|Any CPU
		{DF325389-2189-46E1-A41A-A3B2ED437D25}.Debug|Any CPU.ActiveCfg = Debug|Any CPU
		{DF325389-2189-46E1-A41A-A3B2ED437D25}.Debug|Any CPU.Build.0 = Debug|Any CPU
		{DF325389-2189-46E1-A41A-A3B2ED437D25}.Release|Any CPU.ActiveCfg = Release|Any CPU
		{DF325389-2189-46E1-A41A-A3B2ED437D25}.Release|Any CPU.Build.0 = Release|Any CPU
	EndGlobalSection
	GlobalSection(SolutionProperties) = preSolution
		HideSolutionNode = FALSE
	EndGlobalSection
EndGlobal
